/s/project/sys_gen_students/2024_2025/project04_rare_variant_sc/output/association/chr22_all_results_test_500_genes.pkl
/s/project/sys_gen_students/2024_2025/project04_rare_variant_sc/output/annotations/chr22_data_test_500_genes.pkl
/s/project/sys_gen_students/2024_2025/project04_rare_variant_sc/output/burdens/chr22_all_burdens_test_500_genes.parquet
